<Solution>
  <Project Path="../../../../../../Documents/GitHub/Favly/docker-compose.dcproj">
    <Build />
  </Project>
  <Project Path="../../../../../../Documents/GitHub/Favly/Favly.api/Favly.api.csproj" />
  <Project Path="../../../../../../Documents/GitHub/Favly/Favly.Application/Favly.Application.csproj" />
  <Project Path="../../../../../../Documents/GitHub/Favly/Favly.Domain/Favly.Domain.csproj" />
  <Project Path="../../../../../../Documents/GitHub/Favly/Favly.Infrastructure/Favly.Infrastructure.csproj" />
</Solution>
